PODS:
  - Gloss (2.0.0-beta.1)
  - IHKeyboardAvoiding (4.1)
  - RxCocoa (4.0.0):
    - RxSwift (~> 4.0)
  - RxSwift (4.0.0)
  - SwiftyJSON (3.1.4)

DEPENDENCIES:
  - Gloss (= 2.0.0-beta.1)
  - IHKeyboardAvoiding
  - RxCocoa (~> 4.0)
  - RxSwift (~> 4.0)
  - SwiftyJSON

SPEC CHECKSUMS:
  Gloss: 3224f4d6e345138475216855a32e880d9e03e6d2
  IHKeyboardAvoiding: 5f42b8ff1f64144ea425b1954e4311eb6bf9077a
  RxCocoa: d62846ca96495d862fa4c59ea7d87e5031d7340e
  RxSwift: fd680d75283beb5e2559486f3c0ff852f0d35334
  SwiftyJSON: c2842d878f95482ffceec5709abc3d05680c0220

PODFILE CHECKSUM: df0b0d9433f7d4176252894ca10222f16206d757

COCOAPODS: 1.3.1
