// !$*UTF8*$!
{
	archiveVersion = 1;
	classes = {
	};
	objectVersion = 46;
	objects = {

/* Begin PBXBuildFile section */
		506778861F685F6F00862861 /* AppDelegate.swift in Sources */ = {isa = PBXBuildFile; fileRef = 506778851F685F6F00862861 /* AppDelegate.swift */; };
		506778881F685F6F00862861 /* ViewController.swift in Sources */ = {isa = PBXBuildFile; fileRef = 506778871F685F6F00862861 /* ViewController.swift */; };
		5067788B1F685F6F00862861 /* Main.storyboard in Resources */ = {isa = PBXBuildFile; fileRef = 506778891F685F6F00862861 /* Main.storyboard */; };
		5067788E1F685F6F00862861 /* EyeTemp.xcdatamodeld in Sources */ = {isa = PBXBuildFile; fileRef = 5067788C1F685F6F00862861 /* EyeTemp.xcdatamodeld */; };
		506778901F685F6F00862861 /* Assets.xcassets in Resources */ = {isa = PBXBuildFile; fileRef = 5067788F1F685F6F00862861 /* Assets.xcassets */; };
		506778931F685F6F00862861 /* LaunchScreen.storyboard in Resources */ = {isa = PBXBuildFile; fileRef = 506778911F685F6F00862861 /* LaunchScreen.storyboard */; };
		5067789E1F685F6F00862861 /* EyeTempTests.swift in Sources */ = {isa = PBXBuildFile; fileRef = 5067789D1F685F6F00862861 /* EyeTempTests.swift */; };
		506778A91F685F6F00862861 /* EyeTempUITests.swift in Sources */ = {isa = PBXBuildFile; fileRef = 506778A81F685F6F00862861 /* EyeTempUITests.swift */; };
/* End PBXBuildFile section */

/* Begin PBXContainerItemProxy section */
		5067789A1F685F6F00862861 /* PBXContainerItemProxy */ = {
			isa = PBXContainerItemProxy;
			containerPortal = 5067787A1F685F6F00862861 /* Project object */;
			proxyType = 1;
			remoteGlobalIDString = 506778811F685F6F00862861;
			remoteInfo = EyeTemp;
		};
		506778A51F685F6F00862861 /* PBXContainerItemProxy */ = {
			isa = PBXContainerItemProxy;
			containerPortal = 5067787A1F685F6F00862861 /* Project object */;
			proxyType = 1;
			remoteGlobalIDString = 506778811F685F6F00862861;
			remoteInfo = EyeTemp;
		};
/* End PBXContainerItemProxy section */

/* Begin PBXFileReference section */
		506778821F685F6F00862861 /* EyeTemp.app */ = {isa = PBXFileReference; explicitFileType = wrapper.application; includeInIndex = 0; path = EyeTemp.app; sourceTree = BUILT_PRODUCTS_DIR; };
		506778851F685F6F00862861 /* AppDelegate.swift */ = {isa = PBXFileReference; lastKnownFileType = sourcecode.swift; path = AppDelegate.swift; sourceTree = "<group>"; };
		506778871F685F6F00862861 /* ViewController.swift */ = {isa = PBXFileReference; lastKnownFileType = sourcecode.swift; path = ViewController.swift; sourceTree = "<group>"; };
		5067788A1F685F6F00862861 /* Base */ = {isa = PBXFileReference; lastKnownFileType = file.storyboard; name = Base; path = Base.lproj/Main.storyboard; sourceTree = "<group>"; };
		5067788D1F685F6F00862861 /* EyeTemp.xcdatamodel */ = {isa = PBXFileReference; lastKnownFileType = wrapper.xcdatamodel; path = EyeTemp.xcdatamodel; sourceTree = "<group>"; };
		5067788F1F685F6F00862861 /* Assets.xcassets */ = {isa = PBXFileReference; lastKnownFileType = folder.assetcatalog; path = Assets.xcassets; sourceTree = "<group>"; };
		506778921F685F6F00862861 /* Base */ = {isa = PBXFileReference; lastKnownFileType = file.storyboard; name = Base; path = Base.lproj/LaunchScreen.storyboard; sourceTree = "<group>"; };
		506778941F685F6F00862861 /* Info.plist */ = {isa = PBXFileReference; lastKnownFileType = text.plist.xml; path = Info.plist; sourceTree = "<group>"; };
		506778991F685F6F00862861 /* EyeTempTests.xctest */ = {isa = PBXFileReference; explicitFileType = wrapper.cfbundle; includeInIndex = 0; path = EyeTempTests.xctest; sourceTree = BUILT_PRODUCTS_DIR; };
		5067789D1F685F6F00862861 /* EyeTempTests.swift */ = {isa = PBXFileReference; lastKnownFileType = sourcecode.swift; path = EyeTempTests.swift; sourceTree = "<group>"; };
		5067789F1F685F6F00862861 /* Info.plist */ = {isa = PBXFileReference; lastKnownFileType = text.plist.xml; path = Info.plist; sourceTree = "<group>"; };
		506778A41F685F6F00862861 /* EyeTempUITests.xctest */ = {isa = PBXFileReference; explicitFileType = wrapper.cfbundle; includeInIndex = 0; path = EyeTempUITests.xctest; sourceTree = BUILT_PRODUCTS_DIR; };
		506778A81F685F6F00862861 /* EyeTempUITests.swift */ = {isa = PBXFileReference; lastKnownFileType = sourcecode.swift; path = EyeTempUITests.swift; sourceTree = "<group>"; };
		506778AA1F685F6F00862861 /* Info.plist */ = {isa = PBXFileReference; lastKnownFileType = text.plist.xml; path = Info.plist; sourceTree = "<group>"; };
/* End PBXFileReference section */

/* Begin PBXFrameworksBuildPhase section */
		5067787F1F685F6F00862861 /* Frameworks */ = {
			isa = PBXFrameworksBuildPhase;
			buildActionMask = 2147483647;
			files = (
			);
			runOnlyForDeploymentPostprocessing = 0;
		};
		506778961F685F6F00862861 /* Frameworks */ = {
			isa = PBXFrameworksBuildPhase;
			buildActionMask = 2147483647;
			files = (
			);
			runOnlyForDeploymentPostprocessing = 0;
		};
		506778A11F685F6F00862861 /* Frameworks */ = {
			isa = PBXFrameworksBuildPhase;
			buildActionMask = 2147483647;
			files = (
			);
			runOnlyForDeploymentPostprocessing = 0;
		};
/* End PBXFrameworksBuildPhase section */

/* Begin PBXGroup section */
		506778791F685F6F00862861 = {
			isa = PBXGroup;
			children = (
				506778841F685F6F00862861 /* EyeTemp */,
				5067789C1F685F6F00862861 /* EyeTempTests */,
				506778A71F685F6F00862861 /* EyeTempUITests */,
				506778831F685F6F00862861 /* Products */,
			);
			sourceTree = "<group>";
		};
		506778831F685F6F00862861 /* Products */ = {
			isa = PBXGroup;
			children = (
				506778821F685F6F00862861 /* EyeTemp.app */,
				506778991F685F6F00862861 /* EyeTempTests.xctest */,
				506778A41F685F6F00862861 /* EyeTempUITests.xctest */,
			);
			name = Products;
			sourceTree = "<group>";
		};
		506778841F685F6F00862861 /* EyeTemp */ = {
			isa = PBXGroup;
			children = (
				506778851F685F6F00862861 /* AppDelegate.swift */,
				506778871F685F6F00862861 /* ViewController.swift */,
				506778891F685F6F00862861 /* Main.storyboard */,
				5067788F1F685F6F00862861 /* Assets.xcassets */,
				506778911F685F6F00862861 /* LaunchScreen.storyboard */,
				506778941F685F6F00862861 /* Info.plist */,
				5067788C1F685F6F00862861 /* EyeTemp.xcdatamodeld */,
			);
			path = EyeTemp;
			sourceTree = "<group>";
		};
		5067789C1F685F6F00862861 /* EyeTempTests */ = {
			isa = PBXGroup;
			children = (
				5067789D1F685F6F00862861 /* EyeTempTests.swift */,
				5067789F1F685F6F00862861 /* Info.plist */,
			);
			path = EyeTempTests;
			sourceTree = "<group>";
		};
		506778A71F685F6F00862861 /* EyeTempUITests */ = {
			isa = PBXGroup;
			children = (
				506778A81F685F6F00862861 /* EyeTempUITests.swift */,
				506778AA1F685F6F00862861 /* Info.plist */,
			);
			path = EyeTempUITests;
			sourceTree = "<group>";
		};
/* End PBXGroup section */

/* Begin PBXNativeTarget section */
		506778811F685F6F00862861 /* EyeTemp */ = {
			isa = PBXNativeTarget;
			buildConfigurationList = 506778AD1F685F6F00862861 /* Build configuration list for PBXNativeTarget "EyeTemp" */;
			buildPhases = (
				5067787E1F685F6F00862861 /* Sources */,
				5067787F1F685F6F00862861 /* Frameworks */,
				506778801F685F6F00862861 /* Resources */,
			);
			buildRules = (
			);
			dependencies = (
			);
			name = EyeTemp;
			productName = EyeTemp;
			productReference = 506778821F685F6F00862861 /* EyeTemp.app */;
			productType = "com.apple.product-type.application";
		};
		506778981F685F6F00862861 /* EyeTempTests */ = {
			isa = PBXNativeTarget;
			buildConfigurationList = 506778B01F685F6F00862861 /* Build configuration list for PBXNativeTarget "EyeTempTests" */;
			buildPhases = (
				506778951F685F6F00862861 /* Sources */,
				506778961F685F6F00862861 /* Frameworks */,
				506778971F685F6F00862861 /* Resources */,
			);
			buildRules = (
			);
			dependencies = (
				5067789B1F685F6F00862861 /* PBXTargetDependency */,
			);
			name = EyeTempTests;
			productName = EyeTempTests;
			productReference = 506778991F685F6F00862861 /* EyeTempTests.xctest */;
			productType = "com.apple.product-type.bundle.unit-test";
		};
		506778A31F685F6F00862861 /* EyeTempUITests */ = {
			isa = PBXNativeTarget;
			buildConfigurationList = 506778B31F685F6F00862861 /* Build configuration list for PBXNativeTarget "EyeTempUITests" */;
			buildPhases = (
				506778A01F685F6F00862861 /* Sources */,
				506778A11F685F6F00862861 /* Frameworks */,
				506778A21F685F6F00862861 /* Resources */,
			);
			buildRules = (
			);
			dependencies = (
				506778A61F685F6F00862861 /* PBXTargetDependency */,
			);
			name = EyeTempUITests;
			productName = EyeTempUITests;
			productReference = 506778A41F685F6F00862861 /* EyeTempUITests.xctest */;
			productType = "com.apple.product-type.bundle.ui-testing";
		};
/* End PBXNativeTarget section */

/* Begin PBXProject section */
		5067787A1F685F6F00862861 /* Project object */ = {
			isa = PBXProject;
			attributes = {
				LastSwiftUpdateCheck = 0830;
				LastUpgradeCheck = 0830;
				ORGANIZATIONNAME = "Perleybrook Labs LLC";
				TargetAttributes = {
					506778811F685F6F00862861 = {
						CreatedOnToolsVersion = 8.3.3;
						DevelopmentTeam = M2DJ6G2WMP;
						ProvisioningStyle = Automatic;
					};
					506778981F685F6F00862861 = {
						CreatedOnToolsVersion = 8.3.3;
						DevelopmentTeam = M2DJ6G2WMP;
						ProvisioningStyle = Automatic;
						TestTargetID = 506778811F685F6F00862861;
					};
					506778A31F685F6F00862861 = {
						CreatedOnToolsVersion = 8.3.3;
						DevelopmentTeam = M2DJ6G2WMP;
						ProvisioningStyle = Automatic;
						TestTargetID = 506778811F685F6F00862861;
					};
				};
			};
			buildConfigurationList = 5067787D1F685F6F00862861 /* Build configuration list for PBXProject "EyeTemp" */;
			compatibilityVersion = "Xcode 3.2";
			developmentRegion = English;
			hasScannedForEncodings = 0;
			knownRegions = (
				en,
				Base,
			);
			mainGroup = 506778791F685F6F00862861;
			productRefGroup = 506778831F685F6F00862861 /* Products */;
			projectDirPath = "";
			projectRoot = "";
			targets = (
				506778811F685F6F00862861 /* EyeTemp */,
				506778981F685F6F00862861 /* EyeTempTests */,
				506778A31F685F6F00862861 /* EyeTempUITests */,
			);
		};
/* End PBXProject section */

/* Begin PBXResourcesBuildPhase section */
		506778801F685F6F00862861 /* Resources */ = {
			isa = PBXResourcesBuildPhase;
			buildActionMask = 2147483647;
			files = (
				506778931F685F6F00862861 /* LaunchScreen.storyboard in Resources */,
				506778901F685F6F00862861 /* Assets.xcassets in Resources */,
				5067788B1F685F6F00862861 /* Main.storyboard in Resources */,
			);
			runOnlyForDeploymentPostprocessing = 0;
		};
		506778971F685F6F00862861 /* Resources */ = {
			isa = PBXResourcesBuildPhase;
			buildActionMask = 2147483647;
			files = (
			);
			runOnlyForDeploymentPostprocessing = 0;
		};
		506778A21F685F6F00862861 /* Resources */ = {
			isa = PBXResourcesBuildPhase;
			buildActionMask = 2147483647;
			files = (
			);
			runOnlyForDeploymentPostprocessing = 0;
		};
/* End PBXResourcesBuildPhase section */

/* Begin PBXSourcesBuildPhase section */
		5067787E1F685F6F00862861 /* Sources */ = {
			isa = PBXSourcesBuildPhase;
			buildActionMask = 2147483647;
			files = (
				5067788E1F685F6F00862861 /* EyeTemp.xcdatamodeld in Sources */,
				506778881F685F6F00862861 /* ViewController.swift in Sources */,
				506778861F685F6F00862861 /* AppDelegate.swift in Sources */,
			);
			runOnlyForDeploymentPostprocessing = 0;
		};
		506778951F685F6F00862861 /* Sources */ = {
			isa = PBXSourcesBuildPhase;
			buildActionMask = 2147483647;
			files = (
				5067789E1F685F6F00862861 /* EyeTempTests.swift in Sources */,
			);
			runOnlyForDeploymentPostprocessing = 0;
		};
		506778A01F685F6F00862861 /* Sources */ = {
			isa = PBXSourcesBuildPhase;
			buildActionMask = 2147483647;
			files = (
				506778A91F685F6F00862861 /* EyeTempUITests.swift in Sources */,
			);
			runOnlyForDeploymentPostprocessing = 0;
		};
/* End PBXSourcesBuildPhase section */

/* Begin PBXTargetDependency section */
		5067789B1F685F6F00862861 /* PBXTargetDependency */ = {
			isa = PBXTargetDependency;
			target = 506778811F685F6F00862861 /* EyeTemp */;
			targetProxy = 5067789A1F685F6F00862861 /* PBXContainerItemProxy */;
		};
		506778A61F685F6F00862861 /* PBXTargetDependency */ = {
			isa = PBXTargetDependency;
			target = 506778811F685F6F00862861 /* EyeTemp */;
			targetProxy = 506778A51F685F6F00862861 /* PBXContainerItemProxy */;
		};
/* End PBXTargetDependency section */

/* Begin PBXVariantGroup section */
		506778891F685F6F00862861 /* Main.storyboard */ = {
			isa = PBXVariantGroup;
			children = (
				5067788A1F685F6F00862861 /* Base */,
			);
			name = Main.storyboard;
			sourceTree = "<group>";
		};
		506778911F685F6F00862861 /* LaunchScreen.storyboard */ = {
			isa = PBXVariantGroup;
			children = (
				506778921F685F6F00862861 /* Base */,
			);
			name = LaunchScreen.storyboard;
			sourceTree = "<group>";
		};
/* End PBXVariantGroup section */

/* Begin XCBuildConfiguration section */
		506778AB1F685F6F00862861 /* Debug */ = {
			isa = XCBuildConfiguration;
			buildSettings = {
				ALWAYS_SEARCH_USER_PATHS = NO;
				CLANG_ANALYZER_NONNULL = YES;
				CLANG_ANALYZER_NUMBER_OBJECT_CONVERSION = YES_AGGRESSIVE;
				CLANG_CXX_LANGUAGE_STANDARD = "gnu++0x";
				CLANG_CXX_LIBRARY = "libc++";
				CLANG_ENABLE_MODULES = YES;
				CLANG_ENABLE_OBJC_ARC = YES;
				CLANG_WARN_BOOL_CONVERSION = YES;
				CLANG_WARN_CONSTANT_CONVERSION = YES;
				CLANG_WARN_DIRECT_OBJC_ISA_USAGE = YES_ERROR;
				CLANG_WARN_DOCUMENTATION_COMMENTS = YES;
				CLANG_WARN_EMPTY_BODY = YES;
				CLANG_WARN_ENUM_CONVERSION = YES;
				CLANG_WARN_INFINITE_RECURSION = YES;
				CLANG_WARN_INT_CONVERSION = YES;
				CLANG_WARN_OBJC_ROOT_CLASS = YES_ERROR;
				CLANG_WARN_SUSPICIOUS_MOVE = YES;
				CLANG_WARN_UNREACHABLE_CODE = YES;
				CLANG_WARN__DUPLICATE_METHOD_MATCH = YES;
				"CODE_SIGN_IDENTITY[sdk=iphoneos*]" = "iPhone Developer";
				COPY_PHASE_STRIP = NO;
				DEBUG_INFORMATION_FORMAT = dwarf;
				ENABLE_STRICT_OBJC_MSGSEND = YES;
				ENABLE_TESTABILITY = YES;
				GCC_C_LANGUAGE_STANDARD = gnu99;
				GCC_DYNAMIC_NO_PIC = NO;
				GCC_NO_COMMON_BLOCKS = YES;
				GCC_OPTIMIZATION_LEVEL = 0;
				GCC_PREPROCESSOR_DEFINITIONS = (
					"DEBUG=1",
					"$(inherited)",
				);
				GCC_WARN_64_TO_32_BIT_CONVERSION = YES;
				GCC_WARN_ABOUT_RETURN_TYPE = YES_ERROR;
				GCC_WARN_UNDECLARED_SELECTOR = YES;
				GCC_WARN_UNINITIALIZED_AUTOS = YES_AGGRESSIVE;
				GCC_WARN_UNUSED_FUNCTION = YES;
				GCC_WARN_UNUSED_VARIABLE = YES;
				IPHONEOS_DEPLOYMENT_TARGET = 10.3;
				MTL_ENABLE_DEBUG_INFO = YES;
				ONLY_ACTIVE_ARCH = YES;
				SDKROOT = iphoneos;
				SWIFT_ACTIVE_COMPILATION_CONDITIONS = DEBUG;
				SWIFT_OPTIMIZATION_LEVEL = "-Onone";
				TARGETED_DEVICE_FAMILY = "1,2";
			};
			name = Debug;
		};
		506778AC1F685F6F00862861 /* Release */ = {
			isa = XCBuildConfiguration;
			buildSettings = {
				ALWAYS_SEARCH_USER_PATHS = NO;
				CLANG_ANALYZER_NONNULL = YES;
				CLANG_ANALYZER_NUMBER_OBJECT_CONVERSION = YES_AGGRESSIVE;
				CLANG_CXX_LANGUAGE_STANDARD = "gnu++0x";
				CLANG_CXX_LIBRARY = "libc++";
				CLANG_ENABLE_MODULES = YES;
				CLANG_ENABLE_OBJC_ARC = YES;
				CLANG_WARN_BOOL_CONVERSION = YES;
				CLANG_WARN_CONSTANT_CONVERSION = YES;
				CLANG_WARN_DIRECT_OBJC_ISA_USAGE = YES_ERROR;
				CLANG_WARN_DOCUMENTATION_COMMENTS = YES;
				CLANG_WARN_EMPTY_BODY = YES;
				CLANG_WARN_ENUM_CONVERSION = YES;
				CLANG_WARN_INFINITE_RECURSION = YES;
				CLANG_WARN_INT_CONVERSION = YES;
				CLANG_WARN_OBJC_ROOT_CLASS = YES_ERROR;
				CLANG_WARN_SUSPICIOUS_MOVE = YES;
				CLANG_WARN_UNREACHABLE_CODE = YES;
				CLANG_WARN__DUPLICATE_METHOD_MATCH = YES;
				"CODE_SIGN_IDENTITY[sdk=iphoneos*]" = "iPhone Developer";
				COPY_PHASE_STRIP = NO;
				DEBUG_INFORMATION_FORMAT = "dwarf-with-dsym";
				ENABLE_NS_ASSERTIONS = NO;
				ENABLE_STRICT_OBJC_MSGSEND = YES;
				GCC_C_LANGUAGE_STANDARD = gnu99;
				GCC_NO_COMMON_BLOCKS = YES;
				GCC_WARN_64_TO_32_BIT_CONVERSION = YES;
				GCC_WARN_ABOUT_RETURN_TYPE = YES_ERROR;
				GCC_WARN_UNDECLARED_SELECTOR = YES;
				GCC_WARN_UNINITIALIZED_AUTOS = YES_AGGRESSIVE;
				GCC_WARN_UNUSED_FUNCTION = YES;
				GCC_WARN_UNUSED_VARIABLE = YES;
				IPHONEOS_DEPLOYMENT_TARGET = 10.3;
				MTL_ENABLE_DEBUG_INFO = NO;
				SDKROOT = iphoneos;
				SWIFT_OPTIMIZATION_LEVEL = "-Owholemodule";
				TARGETED_DEVICE_FAMILY = "1,2";
				VALIDATE_PRODUCT = YES;
			};
			name = Release;
		};
		506778AE1F685F6F00862861 /* Debug */ = {
			isa = XCBuildConfiguration;
			buildSettings = {
				ASSETCATALOG_COMPILER_APPICON_NAME = AppIcon;
				DEVELOPMENT_TEAM = M2DJ6G2WMP;
				INFOPLIST_FILE = EyeTemp/Info.plist;
				LD_RUNPATH_SEARCH_PATHS = "$(inherited) @executable_path/Frameworks";
				PRODUCT_BUNDLE_IDENTIFIER = com.perleybrook.EyeTemp;
				PRODUCT_NAME = "$(TARGET_NAME)";
				SWIFT_VERSION = 3.0;
			};
			name = Debug;
		};
		506778AF1F685F6F00862861 /* Release */ = {
			isa = XCBuildConfiguration;
			buildSettings = {
				ASSETCATALOG_COMPILER_APPICON_NAME = AppIcon;
				DEVELOPMENT_TEAM = M2DJ6G2WMP;
				INFOPLIST_FILE = EyeTemp/Info.plist;
				LD_RUNPATH_SEARCH_PATHS = "$(inherited) @executable_path/Frameworks";
				PRODUCT_BUNDLE_IDENTIFIER = com.perleybrook.EyeTemp;
				PRODUCT_NAME = "$(TARGET_NAME)";
				SWIFT_VERSION = 3.0;
			};
			name = Release;
		};
		506778B11F685F6F00862861 /* Debug */ = {
			isa = XCBuildConfiguration;
			buildSettings = {
				ALWAYS_EMBED_SWIFT_STANDARD_LIBRARIES = YES;
				BUNDLE_LOADER = "$(TEST_HOST)";
				DEVELOPMENT_TEAM = M2DJ6G2WMP;
				INFOPLIST_FILE = EyeTempTests/Info.plist;
				LD_RUNPATH_SEARCH_PATHS = "$(inherited) @executable_path/Frameworks @loader_path/Frameworks";
				PRODUCT_BUNDLE_IDENTIFIER = com.perleybrook.EyeTempTests;
				PRODUCT_NAME = "$(TARGET_NAME)";
				SWIFT_VERSION = 3.0;
				TEST_HOST = "$(BUILT_PRODUCTS_DIR)/EyeTemp.app/EyeTemp";
			};
			name = Debug;
		};
		506778B21F685F6F00862861 /* Release */ = {
			isa = XCBuildConfiguration;
			buildSettings = {
				ALWAYS_EMBED_SWIFT_STANDARD_LIBRARIES = YES;
				BUNDLE_LOADER = "$(TEST_HOST)";
				DEVELOPMENT_TEAM = M2DJ6G2WMP;
				INFOPLIST_FILE = EyeTempTests/Info.plist;
				LD_RUNPATH_SEARCH_PATHS = "$(inherited) @executable_path/Frameworks @loader_path/Frameworks";
				PRODUCT_BUNDLE_IDENTIFIER = com.perleybrook.EyeTempTests;
				PRODUCT_NAME = "$(TARGET_NAME)";
				SWIFT_VERSION = 3.0;
				TEST_HOST = "$(BUILT_PRODUCTS_DIR)/EyeTemp.app/EyeTemp";
			};
			name = Release;
		};
		506778B41F685F6F00862861 /* Debug */ = {
			isa = XCBuildConfiguration;
			buildSettings = {
				ALWAYS_EMBED_SWIFT_STANDARD_LIBRARIES = YES;
				DEVELOPMENT_TEAM = M2DJ6G2WMP;
				INFOPLIST_FILE = EyeTempUITests/Info.plist;
				LD_RUNPATH_SEARCH_PATHS = "$(inherited) @executable_path/Frameworks @loader_path/Frameworks";
				PRODUCT_BUNDLE_IDENTIFIER = com.perleybrook.EyeTempUITests;
				PRODUCT_NAME = "$(TARGET_NAME)";
				SWIFT_VERSION = 3.0;
				TEST_TARGET_NAME = EyeTemp;
			};
			name = Debug;
		};
		506778B51F685F6F00862861 /* Release */ = {
			isa = XCBuildConfiguration;
			buildSettings = {
				ALWAYS_EMBED_SWIFT_STANDARD_LIBRARIES = YES;
				DEVELOPMENT_TEAM = M2DJ6G2WMP;
				INFOPLIST_FILE = EyeTempUITests/Info.plist;
				LD_RUNPATH_SEARCH_PATHS = "$(inherited) @executable_path/Frameworks @loader_path/Frameworks";
				PRODUCT_BUNDLE_IDENTIFIER = com.perleybrook.EyeTempUITests;
				PRODUCT_NAME = "$(TARGET_NAME)";
				SWIFT_VERSION = 3.0;
				TEST_TARGET_NAME = EyeTemp;
			};
			name = Release;
		};
/* End XCBuildConfiguration section */

/* Begin XCConfigurationList section */
		5067787D1F685F6F00862861 /* Build configuration list for PBXProject "EyeTemp" */ = {
			isa = XCConfigurationList;
			buildConfigurations = (
				506778AB1F685F6F00862861 /* Debug */,
				506778AC1F685F6F00862861 /* Release */,
			);
			defaultConfigurationIsVisible = 0;
			defaultConfigurationName = Release;
		};
		506778AD1F685F6F00862861 /* Build configuration list for PBXNativeTarget "EyeTemp" */ = {
			isa = XCConfigurationList;
			buildConfigurations = (
				506778AE1F685F6F00862861 /* Debug */,
				506778AF1F685F6F00862861 /* Release */,
			);
			defaultConfigurationIsVisible = 0;
		};
		506778B01F685F6F00862861 /* Build configuration list for PBXNativeTarget "EyeTempTests" */ = {
			isa = XCConfigurationList;
			buildConfigurations = (
				506778B11F685F6F00862861 /* Debug */,
				506778B21F685F6F00862861 /* Release */,
			);
			defaultConfigurationIsVisible = 0;
		};
		506778B31F685F6F00862861 /* Build configuration list for PBXNativeTarget "EyeTempUITests" */ = {
			isa = XCConfigurationList;
			buildConfigurations = (
				506778B41F685F6F00862861 /* Debug */,
				506778B51F685F6F00862861 /* Release */,
			);
			defaultConfigurationIsVisible = 0;
		};
/* End XCConfigurationList section */

/* Begin XCVersionGroup section */
		5067788C1F685F6F00862861 /* EyeTemp.xcdatamodeld */ = {
			isa = XCVersionGroup;
			children = (
				5067788D1F685F6F00862861 /* EyeTemp.xcdatamodel */,
			);
			currentVersion = 5067788D1F685F6F00862861 /* EyeTemp.xcdatamodel */;
			path = EyeTemp.xcdatamodeld;
			sourceTree = "<group>";
			versionGroupType = wrapper.xcdatamodel;
		};
/* End XCVersionGroup section */
	};
	rootObject = 5067787A1F685F6F00862861 /* Project object */;
}
